{
  "name": "omronfins",
  "version": "0.4.5",
  "lockfileVersion": 3,
  "requires": true,
  "packages": {
    "": {
      "name": "omronfins",
      "version": "0.4.5",
      "license": "MIT",
      "dependencies": {
        "omron-fins": "^0.5.0"
      },
      "devDependencies": {}
    },
    "node_modules/omron-fins": {
      "version": "0.5.0",
      "resolved": "https://registry.npmjs.org/omron-fins/-/omron-fins-0.5.0.tgz",
      "integrity": "sha512-cV+DHaDyzdoW9UP1SBOoa+lZHgZfGpvFRGPMMU8daoPk+nFn7b94vOcjz++VDweiVPmrzppI7uEbHE3qrmKM6g==",
      "license": "MIT",
      "engines": {
        "node": ">=6.0.0"
      }
    }
  }
}
